
Microsoft Visual Studio Solution File, Format Version 12.00
# Visual Studio Version 17
VisualStudioVersion = 17.9.34616.47
MinimumVisualStudioVersion = 10.0.40219.1
Project("{FAE04EC0-301F-11D3-BF4B-00C04F79EFBC}") = "TaskLibraryNumberOne", "TaskLibraryNumberOne.csproj", "{7B03F616-C736-4228-89FB-D1924E1248A0}"
EndProject
Project("{FAE04EC0-301F-11D3-BF4B-00C04F79EFBC}") = "TaskNumberOneTests", "..\TaskNumberOneTests\TaskNumberOneTests.csproj", "{12F6EB6A-DE48-42C5-AEBE-0ACA5DDF32D4}"
EndProject
Global
	GlobalSection(SolutionConfigurationPlatforms) = preSolution
		Debug|Any CPU = Debug|Any CPU
		Release|Any CPU = Release|Any CPU
	EndGlobalSection
	GlobalSection(ProjectConfigurationPlatforms) = postSolution
		{7B03F616-C736-4228-89FB-D1924E1248A0}.Debug|Any CPU.ActiveCfg = Debug|Any CPU
		{7B03F616-C736-4228-89FB-D1924E1248A0}.Debug|Any CPU.Build.0 = Debug|Any CPU
		{7B03F616-C736-4228-89FB-D1924E1248A0}.Release|Any CPU.ActiveCfg = Release|Any CPU
		{7B03F616-C736-4228-89FB-D1924E1248A0}.Release|Any CPU.Build.0 = Release|Any CPU
		{12F6EB6A-DE48-42C5-AEBE-0ACA5DDF32D4}.Debug|Any CPU.ActiveCfg = Debug|Any CPU
		{12F6EB6A-DE48-42C5-AEBE-0ACA5DDF32D4}.Debug|Any CPU.Build.0 = Debug|Any CPU
		{12F6EB6A-DE48-42C5-AEBE-0ACA5DDF32D4}.Release|Any CPU.ActiveCfg = Release|Any CPU
		{12F6EB6A-DE48-42C5-AEBE-0ACA5DDF32D4}.Release|Any CPU.Build.0 = Release|Any CPU
	EndGlobalSection
	GlobalSection(SolutionProperties) = preSolution
		HideSolutionNode = FALSE
	EndGlobalSection
	GlobalSection(ExtensibilityGlobals) = postSolution
		SolutionGuid = {EDC2B174-0630-4D73-81E1-DB2FC28C2C59}
	EndGlobalSection
EndGlobal
